# This file was autogenerated by uv via the following command:
#    uv export --locked --no-hashes --no-dev --emit-index-url --format requirements-txt --no-emit-project -o requirements.lock
--index-url https://pypi.org/simple
--extra-index-url https://download.pytorch.org/whl/cpu

accelerate==1.14.0 ; sys_platform == 'darwin' or sys_platform == 'linux'
    # via
    #   docling-ibm-models
    #   docling-slim
annotated-doc==0.0.4 ; sys_platform == 'darwin' or sys_platform == 'linux'
    # via
    #   fastapi
    #   typer
annotated-types==0.8.0 ; sys_platform == 'darwin' or sys_platform == 'linux'
    # via pydantic
anthropic==0.120.0 ; sys_platform == 'darwin' or sys_platform == 'linux'
    # via
    #   llmfactory
    #   theseus-insight
antlr4-python3-runtime==4.9.3 ; sys_platform == 'darwin' or sys_platform == 'linux'
    # via omegaconf
anyio==4.14.2 ; sys_platform == 'darwin' or sys_platform == 'linux'
    # via
    #   anthropic
    #   httpx
    #   langsmith
    #   openai
    #   starlette
    #   watchfiles
apscheduler==3.11.3 ; sys_platform == 'darwin' or sys_platform == 'linux'
    # via theseus-insight
arxiv==4.0.0 ; sys_platform == 'darwin' or sys_platform == 'linux'
    # via theseus-insight
asttokens==3.0.2 ; sys_platform == 'darwin' or sys_platform == 'linux'
    # via stack-data
asyncpg==0.31.0 ; sys_platform == 'darwin' or sys_platform == 'linux'
    # via theseus-insight
attrs==26.1.0 ; sys_platform == 'darwin' or sys_platform == 'linux'
    # via
    #   jsonlines
    #   jsonschema
    #   referencing
beautifulsoup4==4.15.0 ; sys_platform == 'darwin' or sys_platform == 'linux'
    # via
    #   docling-slim
    #   markdownify
    #   markitdown
blis==1.3.3 ; sys_platform == 'darwin' or sys_platform == 'linux'
    # via thinc
boto3==1.43.56 ; sys_platform == 'darwin' or sys_platform == 'linux'
    # via
    #   anthropic
    #   llmfactory
botocore==1.43.56 ; sys_platform == 'darwin' or sys_platform == 'linux'
    # via
    #   anthropic
    #   boto3
    #   s3transfer
catalogue==2.0.10 ; sys_platform == 'darwin' or sys_platform == 'linux'
    # via
    #   spacy
    #   srsly
    #   thinc
certifi==2026.7.22 ; sys_platform == 'darwin' or sys_platform == 'linux'
    # via
    #   docling-slim
    #   httpcore
    #   httpx
    #   requests
cffi==2.1.0 ; sys_platform == 'darwin' or sys_platform == 'linux'
    # via
    #   cryptography
    #   soundfile
charset-normalizer==3.4.9 ; sys_platform == 'darwin' or sys_platform == 'linux'
    # via
    #   markitdown
    #   requests
click==8.4.2 ; sys_platform == 'darwin' or sys_platform == 'linux'
    # via
    #   huggingface-hub
    #   magika
    #   typer
    #   uvicorn
    #   yake
cloudpathlib==0.24.0 ; sys_platform == 'darwin' or sys_platform == 'linux'
    # via weasel
colorlog==6.12.0 ; sys_platform == 'darwin' or sys_platform == 'linux'
    # via rapidocr
comm==0.2.3 ; sys_platform == 'darwin' or sys_platform == 'linux'
    # via ipywidgets
confection==1.3.3 ; sys_platform == 'darwin' or sys_platform == 'linux'
    # via
    #   spacy
    #   thinc
    #   weasel
coverage==7.15.2 ; sys_platform == 'darwin' or sys_platform == 'linux'
    # via pytest-cov
cryptography==49.0.0 ; sys_platform == 'darwin' or sys_platform == 'linux'
    # via
    #   google-auth
    #   theseus-insight
cymem==2.0.13 ; sys_platform == 'darwin' or sys_platform == 'linux'
    # via
    #   preshed
    #   spacy
    #   thinc
decorator==5.3.1 ; sys_platform == 'darwin' or sys_platform == 'linux'
    # via
    #   ipython
    #   moviepy
defusedxml==0.7.1 ; sys_platform == 'darwin' or sys_platform == 'linux'
    # via
    #   docling-core
    #   docling-slim
    #   markitdown
dill==0.4.1 ; sys_platform == 'darwin' or sys_platform == 'linux'
    # via multiprocess
diskcache==5.6.3 ; sys_platform == 'darwin' or sys_platform == 'linux'
    # via llama-cpp-python
distro==1.9.0 ; sys_platform == 'darwin' or sys_platform == 'linux'
    # via
    #   anthropic
    #   langsmith
    #   openai
docling==2.99.0 ; sys_platform == 'darwin' or sys_platform == 'linux'
    # via
    #   spacy-layout
    #   theseus-insight
docling-core==2.78.0 ; sys_platform == 'darwin' or sys_platform == 'linux'
    # via
    #   docling-ibm-models
    #   docling-parse
    #   docling-slim
docling-ibm-models==3.13.2 ; sys_platform == 'darwin' or sys_platform == 'linux'
    # via docling-slim
docling-parse==6.2.0 ; sys_platform == 'darwin' or sys_platform == 'linux'
    # via docling-slim
docling-slim==2.99.0 ; sys_platform == 'darwin' or sys_platform == 'linux'
    # via docling
docstring-parser==0.18.0 ; sys_platform == 'darwin' or sys_platform == 'linux'
    # via anthropic
et-xmlfile==2.0.0 ; sys_platform == 'darwin' or sys_platform == 'linux'
    # via openpyxl
executing==2.2.1 ; sys_platform == 'darwin' or sys_platform == 'linux'
    # via stack-data
faker==40.36.0 ; sys_platform == 'darwin' or sys_platform == 'linux'
    # via polyfactory
fastapi==0.140.0 ; sys_platform == 'darwin' or sys_platform == 'linux'
    # via theseus-insight
filelock==3.32.0 ; sys_platform == 'darwin' or sys_platform == 'linux'
    # via
    #   huggingface-hub
    #   torch
filetype==1.2.0 ; sys_platform == 'darwin' or sys_platform == 'linux'
    # via docling-slim
flatbuffers==25.12.19 ; sys_platform == 'darwin' or sys_platform == 'linux'
    # via onnxruntime
fsspec==2026.6.0 ; sys_platform == 'darwin' or sys_platform == 'linux'
    # via
    #   huggingface-hub
    #   torch
gemini-ai==0.0.5 ; sys_platform == 'darwin' or sys_platform == 'linux'
    # via llmfactory
google-ai-generativelanguage==0.6.15 ; sys_platform == 'darwin' or sys_platform == 'linux'
    # via google-generativeai
google-api-core==2.33.0 ; sys_platform == 'darwin' or sys_platform == 'linux'
    # via
    #   google-ai-generativelanguage
    #   google-api-python-client
    #   google-generativeai
google-api-python-client==2.198.0 ; sys_platform == 'darwin' or sys_platform == 'linux'
    # via
    #   google-generativeai
    #   theseus-insight
google-auth==2.56.2 ; sys_platform == 'darwin' or sys_platform == 'linux'
    # via
    #   google-ai-generativelanguage
    #   google-api-core
    #   google-api-python-client
    #   google-auth-httplib2
    #   google-auth-oauthlib
    #   google-generativeai
google-auth-httplib2==0.4.0 ; sys_platform == 'darwin' or sys_platform == 'linux'
    # via google-api-python-client
google-auth-oauthlib==1.4.0 ; sys_platform == 'darwin' or sys_platform == 'linux'
    # via theseus-insight
google-generativeai==0.8.6 ; sys_platform == 'darwin' or sys_platform == 'linux'
    # via
    #   gemini-ai
    #   theseus-insight
googleapis-common-protos==1.75.0 ; sys_platform == 'darwin' or sys_platform == 'linux'
    # via
    #   google-api-core
    #   grpcio-status
grpcio==1.83.0 ; sys_platform == 'darwin' or sys_platform == 'linux'
    # via
    #   google-api-core
    #   grpcio-status
grpcio-status==1.71.2 ; sys_platform == 'darwin' or sys_platform == 'linux'
    # via google-api-core
h11==0.16.0 ; sys_platform == 'darwin' or sys_platform == 'linux'
    # via
    #   httpcore
    #   uvicorn
hf-xet==1.5.2 ; (platform_machine == 'AMD64' and sys_platform == 'darwin') or (platform_machine == 'aarch64' and sys_platform == 'darwin') or (platform_machine == 'amd64' and sys_platform == 'darwin') or (platform_machine == 'arm64' and sys_platform == 'darwin') or (platform_machine == 'x86_64' and sys_platform == 'darwin') or (platform_machine == 'AMD64' and sys_platform == 'linux') or (platform_machine == 'aarch64' and sys_platform == 'linux') or (platform_machine == 'amd64' and sys_platform == 'linux') or (platform_machine == 'arm64' and sys_platform == 'linux') or (platform_machine == 'x86_64' and sys_platform == 'linux')
    # via huggingface-hub
httpcore==1.0.9 ; sys_platform == 'darwin' or sys_platform == 'linux'
    # via httpx
httplib2==0.32.0 ; sys_platform == 'darwin' or sys_platform == 'linux'
    # via
    #   google-api-python-client
    #   google-auth-httplib2
httptools==0.8.0 ; sys_platform == 'darwin' or sys_platform == 'linux'
    # via uvicorn
httpx==0.28.1 ; sys_platform == 'darwin' or sys_platform == 'linux'
    # via
    #   anthropic
    #   docling-slim
    #   huggingface-hub
    #   langgraph-sdk
    #   langsmith
    #   ollama
    #   openai
    #   weasel
huggingface-hub==1.24.0 ; sys_platform == 'darwin' or sys_platform == 'linux'
    # via
    #   accelerate
    #   docling-ibm-models
    #   docling-slim
    #   sentence-transformers
    #   tokenizers
    #   transformers
idna==3.18 ; sys_platform == 'darwin' or sys_platform == 'linux'
    # via
    #   anyio
    #   httpx
    #   requests
imageio==2.37.4 ; sys_platform == 'darwin' or sys_platform == 'linux'
    # via moviepy
imageio-ffmpeg==0.6.0 ; sys_platform == 'darwin' or sys_platform == 'linux'
    # via moviepy
iniconfig==2.3.0 ; sys_platform == 'darwin' or sys_platform == 'linux'
    # via pytest
ipython==9.15.0 ; sys_platform == 'darwin' or sys_platform == 'linux'
    # via
    #   gemini-ai
    #   ipywidgets
ipython-pygments-lexers==1.1.1 ; sys_platform == 'darwin' or sys_platform == 'linux'
    # via ipython
ipywidgets==8.1.8 ; sys_platform == 'darwin' or sys_platform == 'linux'
    # via gemini-ai
jedi==0.20.0 ; sys_platform == 'darwin' or sys_platform == 'linux'
    # via ipython
jellyfish==1.2.1 ; sys_platform == 'darwin' or sys_platform == 'linux'
    # via yake
jinja2==3.1.6 ; sys_platform == 'darwin' or sys_platform == 'linux'
    # via
    #   llama-cpp-python
    #   spacy
    #   theseus-insight
    #   torch
jiter==0.16.0 ; sys_platform == 'darwin' or sys_platform == 'linux'
    # via
    #   anthropic
    #   openai
jmespath==1.1.0 ; sys_platform == 'darwin' or sys_platform == 'linux'
    # via
    #   boto3
    #   botocore
joblib==1.5.3 ; sys_platform == 'darwin' or sys_platform == 'linux'
    # via scikit-learn
json-repair==0.61.7 ; sys_platform == 'darwin' or sys_platform == 'linux'
    # via theseus-insight
jsonlines==4.0.0 ; sys_platform == 'darwin' or sys_platform == 'linux'
    # via docling-ibm-models
jsonpatch==1.33 ; sys_platform == 'darwin' or sys_platform == 'linux'
    # via langchain-core
jsonpointer==3.1.1 ; sys_platform == 'darwin' or sys_platform == 'linux'
    # via jsonpatch
jsonref==1.1.0 ; sys_platform == 'darwin' or sys_platform == 'linux'
    # via docling-core
jsonschema==4.26.0 ; sys_platform == 'darwin' or sys_platform == 'linux'
    # via docling-core
jsonschema-specifications==2025.9.1 ; sys_platform == 'darwin' or sys_platform == 'linux'
    # via jsonschema
jupyterlab-widgets==3.0.16 ; sys_platform == 'darwin' or sys_platform == 'linux'
    # via ipywidgets
langchain-core==1.5.1 ; sys_platform == 'darwin' or sys_platform == 'linux'
    # via
    #   langgraph
    #   langgraph-checkpoint
    #   langgraph-prebuilt
    #   langgraph-sdk
langchain-protocol==0.0.18 ; sys_platform == 'darwin' or sys_platform == 'linux'
    # via
    #   langchain-core
    #   langgraph-sdk
langgraph==1.2.9 ; sys_platform == 'darwin' or sys_platform == 'linux'
    # via theseus-insight
langgraph-checkpoint==4.1.1 ; sys_platform == 'darwin' or sys_platform == 'linux'
    # via
    #   langgraph
    #   langgraph-prebuilt
langgraph-prebuilt==1.1.0 ; sys_platform == 'darwin' or sys_platform == 'linux'
    # via langgraph
langgraph-sdk==0.4.2 ; sys_platform == 'darwin' or sys_platform == 'linux'
    # via langgraph
langsmith==0.10.10 ; sys_platform == 'darwin' or sys_platform == 'linux'
    # via langchain-core
latex2mathml==3.81.0 ; sys_platform == 'darwin' or sys_platform == 'linux'
    # via docling-core
llama-cpp-python==0.3.34 ; sys_platform == 'darwin' or sys_platform == 'linux'
    # via llmfactory
llmfactory @ git+https://github.com/M-Chimiste/LLMFactory.git@1eb5d0d6b3107e2267552f40ba32810b63859d1b ; sys_platform == 'darwin' or sys_platform == 'linux'
    # via theseus-insight
lxml==6.1.1 ; sys_platform == 'darwin' or sys_platform == 'linux'
    # via
    #   arxiv
    #   docling-slim
    #   python-docx
    #   python-pptx
magika==0.6.3 ; sys_platform == 'darwin' or sys_platform == 'linux'
    # via markitdown
mail-parser==4.4.0 ; sys_platform == 'darwin' or sys_platform == 'linux'
    # via docling-slim
markdown==3.10.2 ; sys_platform == 'darwin' or sys_platform == 'linux'
    # via theseus-insight
markdown-it-py==4.2.0 ; sys_platform == 'darwin' or sys_platform == 'linux'
    # via rich
markdown2==2.5.5 ; sys_platform == 'darwin' or sys_platform == 'linux'
    # via theseus-insight
markdownify==1.2.3 ; sys_platform == 'darwin' or sys_platform == 'linux'
    # via markitdown
markitdown==0.1.6 ; sys_platform == 'darwin' or sys_platform == 'linux'
    # via theseus-insight
marko==2.2.3 ; sys_platform == 'darwin' or sys_platform == 'linux'
    # via docling-slim
markupsafe==3.0.3 ; sys_platform == 'darwin' or sys_platform == 'linux'
    # via jinja2
matplotlib-inline==0.2.2 ; sys_platform == 'darwin' or sys_platform == 'linux'
    # via ipython
mdpd==0.2.1 ; sys_platform == 'darwin' or sys_platform == 'linux'
    # via theseus-insight
mdurl==0.1.2 ; sys_platform == 'darwin' or sys_platform == 'linux'
    # via markdown-it-py
moviepy==2.2.1 ; sys_platform == 'darwin' or sys_platform == 'linux'
    # via theseus-insight
mpire==2.10.2 ; sys_platform == 'darwin' or sys_platform == 'linux'
    # via semchunk
mpmath==1.3.0 ; sys_platform == 'darwin' or sys_platform == 'linux'
    # via sympy
multiprocess==0.70.19 ; sys_platform == 'darwin' or sys_platform == 'linux'
    # via mpire
murmurhash==1.0.15 ; sys_platform == 'darwin' or sys_platform == 'linux'
    # via
    #   preshed
    #   spacy
    #   thinc
narwhals==2.24.0 ; sys_platform == 'darwin' or sys_platform == 'linux'
    # via scikit-learn
networkx==3.6.1 ; sys_platform == 'darwin' or sys_platform == 'linux'
    # via
    #   torch
    #   yake
numpy==2.2.6 ; sys_platform == 'darwin' or sys_platform == 'linux'
    # via
    #   accelerate
    #   blis
    #   docling-ibm-models
    #   docling-slim
    #   imageio
    #   llama-cpp-python
    #   llmfactory
    #   magika
    #   moviepy
    #   onnxruntime
    #   opencv-python
    #   pandas
    #   rapidocr
    #   safetensors
    #   scikit-learn
    #   scipy
    #   sentence-transformers
    #   shapely
    #   simhash
    #   soundfile
    #   spacy
    #   theseus-insight
    #   thinc
    #   torchvision
    #   transformers
    #   yake
oauthlib==3.3.1 ; sys_platform == 'darwin' or sys_platform == 'linux'
    # via requests-oauthlib
ollama==0.6.2 ; sys_platform == 'darwin' or sys_platform == 'linux'
    # via
    #   llmfactory
    #   theseus-insight
omegaconf==2.3.1 ; sys_platform == 'darwin' or sys_platform == 'linux'
    # via rapidocr
onnxruntime==1.28.0 ; sys_platform == 'darwin' or sys_platform == 'linux'
    # via magika
openai==2.48.0 ; sys_platform == 'darwin' or sys_platform == 'linux'
    # via
    #   llmfactory
    #   theseus-insight
opencv-python==5.0.0.93 ; sys_platform == 'darwin' or sys_platform == 'linux'
    # via rapidocr
openpyxl==3.1.5 ; sys_platform == 'darwin' or sys_platform == 'linux'
    # via docling-slim
orjson==3.11.9 ; sys_platform == 'darwin' or sys_platform == 'linux'
    # via
    #   langgraph-sdk
    #   langsmith
ormsgpack==1.12.2 ; sys_platform == 'darwin' or sys_platform == 'linux'
    # via langgraph-checkpoint
packaging==26.2 ; sys_platform == 'darwin' or sys_platform == 'linux'
    # via
    #   accelerate
    #   huggingface-hub
    #   langchain-core
    #   langsmith
    #   onnxruntime
    #   pytest
    #   spacy
    #   thinc
    #   transformers
    #   weasel
pandas==2.3.3 ; sys_platform == 'darwin' or sys_platform == 'linux'
    # via
    #   docling-core
    #   mdpd
    #   spacy-layout
    #   theseus-insight
parso==0.8.7 ; sys_platform == 'darwin' or sys_platform == 'linux'
    # via jedi
pexpect==4.9.0 ; sys_platform == 'darwin' or sys_platform == 'linux'
    # via ipython
pillow==11.3.0 ; sys_platform == 'darwin' or sys_platform == 'linux'
    # via
    #   docling-core
    #   docling-ibm-models
    #   docling-parse
    #   docling-slim
    #   gemini-ai
    #   imageio
    #   llmfactory
    #   moviepy
    #   python-pptx
    #   rapidocr
    #   torchvision
pluggy==1.6.0 ; sys_platform == 'darwin' or sys_platform == 'linux'
    # via
    #   docling-slim
    #   pytest
    #   pytest-cov
polyfactory==3.3.0 ; sys_platform == 'darwin' or sys_platform == 'linux'
    # via docling-slim
preshed==3.0.13 ; sys_platform == 'darwin' or sys_platform == 'linux'
    # via
    #   spacy
    #   thinc
proglog==0.1.12 ; sys_platform == 'darwin' or sys_platform == 'linux'
    # via moviepy
prompt-toolkit==3.0.52 ; sys_platform == 'darwin' or sys_platform == 'linux'
    # via ipython
proto-plus==1.28.2 ; sys_platform == 'darwin' or sys_platform == 'linux'
    # via
    #   google-ai-generativelanguage
    #   google-api-core
protobuf==5.29.6 ; sys_platform == 'darwin' or sys_platform == 'linux'
    # via
    #   google-ai-generativelanguage
    #   google-api-core
    #   google-generativeai
    #   googleapis-common-protos
    #   grpcio-status
    #   onnxruntime
    #   proto-plus
psutil==7.2.2 ; sys_platform == 'darwin' or sys_platform == 'linux'
    # via
    #   accelerate
    #   ipython
    #   theseus-insight
psycopg==3.3.4 ; sys_platform == 'darwin' or sys_platform == 'linux'
    # via theseus-insight
psycopg-binary==3.3.4 ; (implementation_name != 'pypy' and sys_platform == 'darwin') or (implementation_name != 'pypy' and sys_platform == 'linux')
    # via psycopg
psycopg-pool==3.3.1 ; sys_platform == 'darwin' or sys_platform == 'linux'
    # via psycopg
ptyprocess==0.7.0 ; sys_platform == 'darwin' or sys_platform == 'linux'
    # via pexpect
pure-eval==0.2.3 ; sys_platform == 'darwin' or sys_platform == 'linux'
    # via stack-data
pyasn1==0.6.4 ; sys_platform == 'darwin' or sys_platform == 'linux'
    # via pyasn1-modules
pyasn1-modules==0.4.2 ; sys_platform == 'darwin' or sys_platform == 'linux'
    # via google-auth
pyclipper==1.4.0 ; sys_platform == 'darwin' or sys_platform == 'linux'
    # via rapidocr
pycparser==3.0 ; (implementation_name != 'PyPy' and sys_platform == 'darwin') or (implementation_name != 'PyPy' and sys_platform == 'linux')
    # via cffi
pydantic==2.13.4 ; sys_platform == 'darwin' or sys_platform == 'linux'
    # via
    #   anthropic
    #   docling-core
    #   docling-ibm-models
    #   docling-parse
    #   docling-slim
    #   fastapi
    #   google-generativeai
    #   langchain-core
    #   langgraph
    #   langsmith
    #   llmfactory
    #   ollama
    #   openai
    #   pydantic-settings
    #   spacy
    #   theseus-insight
    #   thinc
    #   weasel
pydantic-core==2.46.4 ; sys_platform == 'darwin' or sys_platform == 'linux'
    # via pydantic
pydantic-settings==2.14.2 ; sys_platform == 'darwin' or sys_platform == 'linux'
    # via
    #   docling-core
    #   docling-slim
pydub==0.25.1 ; sys_platform == 'darwin' or sys_platform == 'linux'
    # via theseus-insight
pygame==2.6.1 ; sys_platform == 'darwin' or sys_platform == 'linux'
    # via theseus-insight
pygments==2.20.0 ; sys_platform == 'darwin' or sys_platform == 'linux'
    # via
    #   ipython
    #   ipython-pygments-lexers
    #   mpire
    #   pytest
    #   rich
pylatexenc==2.10 ; sys_platform == 'darwin' or sys_platform == 'linux'
    # via docling-slim
pyparsing==3.3.2 ; sys_platform == 'darwin' or sys_platform == 'linux'
    # via httplib2
pypdfium2==5.12.1 ; sys_platform == 'darwin' or sys_platform == 'linux'
    # via docling-slim
pytest==8.4.0 ; sys_platform == 'darwin' or sys_platform == 'linux'
    # via
    #   gemini-ai
    #   pytest-cov
pytest-cov==7.1.0 ; sys_platform == 'darwin' or sys_platform == 'linux'
    # via gemini-ai
python-dateutil==2.9.0.post0 ; sys_platform == 'darwin' or sys_platform == 'linux'
    # via
    #   botocore
    #   pandas
python-docx==1.2.0 ; sys_platform == 'darwin' or sys_platform == 'linux'
    # via docling-slim
python-dotenv==1.2.2 ; sys_platform == 'darwin' or sys_platform == 'linux'
    # via
    #   llmfactory
    #   magika
    #   moviepy
    #   pydantic-settings
    #   theseus-insight
    #   uvicorn
python-multipart==0.0.32 ; sys_platform == 'darwin' or sys_platform == 'linux'
    # via theseus-insight
python-pptx==1.0.2 ; sys_platform == 'darwin' or sys_platform == 'linux'
    # via docling-slim
pytz==2026.3.post1 ; sys_platform == 'darwin' or sys_platform == 'linux'
    # via pandas
pyyaml==6.0.3 ; sys_platform == 'darwin' or sys_platform == 'linux'
    # via
    #   accelerate
    #   docling-core
    #   huggingface-hub
    #   langchain-core
    #   omegaconf
    #   rapidocr
    #   transformers
    #   uvicorn
rapidocr==3.9.2 ; sys_platform == 'darwin' or sys_platform == 'linux'
    # via docling-slim
referencing==0.37.0 ; sys_platform == 'darwin' or sys_platform == 'linux'
    # via
    #   jsonschema
    #   jsonschema-specifications
regex==2026.7.19 ; sys_platform == 'darwin' or sys_platform == 'linux'
    # via
    #   segtok
    #   tiktoken
    #   transformers
requests==2.33.1 ; sys_platform == 'darwin' or sys_platform == 'linux'
    # via
    #   arxiv
    #   docling-slim
    #   google-api-core
    #   langsmith
    #   markitdown
    #   rapidocr
    #   requests-oauthlib
    #   requests-toolbelt
    #   spacy
    #   theseus-insight
    #   tiktoken
requests-oauthlib==2.0.0 ; sys_platform == 'darwin' or sys_platform == 'linux'
    # via google-auth-oauthlib
requests-toolbelt==1.0.0 ; sys_platform == 'darwin' or sys_platform == 'linux'
    # via langsmith
rich==15.0.0 ; sys_platform == 'darwin' or sys_platform == 'linux'
    # via
    #   docling-slim
    #   typer
rpds-py==2026.6.3 ; sys_platform == 'darwin' or sys_platform == 'linux'
    # via
    #   jsonschema
    #   referencing
rtree==1.4.1 ; sys_platform == 'darwin' or sys_platform == 'linux'
    # via
    #   docling-ibm-models
    #   docling-slim
s3transfer==0.19.2 ; sys_platform == 'darwin' or sys_platform == 'linux'
    # via boto3
safetensors==0.8.0 ; sys_platform == 'darwin' or sys_platform == 'linux'
    # via
    #   accelerate
    #   docling-ibm-models
    #   transformers
scikit-learn==1.9.0 ; sys_platform == 'darwin' or sys_platform == 'linux'
    # via sentence-transformers
scipy==1.17.1 ; sys_platform == 'darwin' or sys_platform == 'linux'
    # via
    #   docling-slim
    #   scikit-learn
    #   sentence-transformers
    #   theseus-insight
segtok==1.5.11 ; sys_platform == 'darwin' or sys_platform == 'linux'
    # via yake
semchunk==3.2.5 ; sys_platform == 'darwin' or sys_platform == 'linux'
    # via docling-core
sentence-transformers==5.6.1 ; sys_platform == 'darwin' or sys_platform == 'linux'
    # via
    #   llmfactory
    #   theseus-insight
setuptools==83.0.0 ; sys_platform == 'darwin' or sys_platform == 'linux'
    # via
    #   spacy
    #   thinc
    #   torch
shapely==2.1.2 ; sys_platform == 'darwin' or sys_platform == 'linux'
    # via rapidocr
shellingham==1.5.4 ; sys_platform == 'darwin' or sys_platform == 'linux'
    # via typer
simhash==2.1.2 ; sys_platform == 'darwin' or sys_platform == 'linux'
    # via theseus-insight
six==1.17.0 ; sys_platform == 'darwin' or sys_platform == 'linux'
    # via
    #   markdownify
    #   python-dateutil
    #   rapidocr
smart-open==8.0.1 ; sys_platform == 'darwin' or sys_platform == 'linux'
    # via weasel
sniffio==1.3.1 ; sys_platform == 'darwin' or sys_platform == 'linux'
    # via
    #   anthropic
    #   langsmith
    #   openai
soundfile==0.14.0 ; sys_platform == 'darwin' or sys_platform == 'linux'
    # via theseus-insight
soupsieve==2.9.1 ; sys_platform == 'darwin' or sys_platform == 'linux'
    # via beautifulsoup4
spacy==3.8.14 ; sys_platform == 'darwin' or sys_platform == 'linux'
    # via
    #   spacy-layout
    #   theseus-insight
spacy-layout==0.0.12 ; sys_platform == 'darwin' or sys_platform == 'linux'
    # via theseus-insight
spacy-legacy==3.0.12 ; sys_platform == 'darwin' or sys_platform == 'linux'
    # via spacy
spacy-loggers==1.0.5 ; sys_platform == 'darwin' or sys_platform == 'linux'
    # via spacy
srsly==2.5.3 ; sys_platform == 'darwin' or sys_platform == 'linux'
    # via
    #   spacy
    #   spacy-layout
    #   thinc
    #   weasel
stack-data==0.6.3 ; sys_platform == 'darwin' or sys_platform == 'linux'
    # via ipython
starlette==1.3.1 ; sys_platform == 'darwin' or sys_platform == 'linux'
    # via fastapi
sympy==1.14.0 ; sys_platform == 'darwin' or sys_platform == 'linux'
    # via torch
tabulate==0.10.0 ; sys_platform == 'darwin' or sys_platform == 'linux'
    # via
    #   docling-core
    #   docling-parse
    #   yake
tenacity==9.1.4 ; sys_platform == 'darwin' or sys_platform == 'linux'
    # via
    #   langchain-core
    #   theseus-insight
thinc==8.3.13 ; sys_platform == 'darwin' or sys_platform == 'linux'
    # via spacy
threadpoolctl==3.6.0 ; sys_platform == 'darwin' or sys_platform == 'linux'
    # via scikit-learn
tiktoken==0.13.0 ; sys_platform == 'darwin' or sys_platform == 'linux'
    # via theseus-insight
tokenizers==0.22.2 ; sys_platform == 'darwin' or sys_platform == 'linux'
    # via transformers
tomli==2.4.1 ; (python_full_version <= '3.11' and sys_platform == 'darwin') or (python_full_version <= '3.11' and sys_platform == 'linux')
    # via coverage
torch==2.13.0 ; sys_platform == 'darwin'
    # via
    #   accelerate
    #   docling-ibm-models
    #   docling-slim
    #   llmfactory
    #   safetensors
    #   sentence-transformers
    #   theseus-insight
    #   torchvision
torch==2.13.0+cpu ; sys_platform == 'linux'
    # via
    #   accelerate
    #   docling-ibm-models
    #   docling-slim
    #   llmfactory
    #   safetensors
    #   sentence-transformers
    #   theseus-insight
    #   torchvision
torchaudio==2.11.0 ; sys_platform == 'darwin'
    # via
    #   llmfactory
    #   theseus-insight
torchaudio==2.11.0+cpu ; sys_platform == 'linux'
    # via
    #   llmfactory
    #   theseus-insight
torchvision==0.28.0 ; sys_platform == 'darwin'
    # via
    #   docling-ibm-models
    #   docling-slim
    #   llmfactory
    #   theseus-insight
torchvision==0.28.0+cpu ; sys_platform == 'linux'
    # via
    #   docling-ibm-models
    #   docling-slim
    #   llmfactory
    #   theseus-insight
tqdm==4.69.1 ; sys_platform == 'darwin' or sys_platform == 'linux'
    # via
    #   docling-ibm-models
    #   docling-slim
    #   google-generativeai
    #   huggingface-hub
    #   mpire
    #   openai
    #   proglog
    #   rapidocr
    #   semchunk
    #   sentence-transformers
    #   spacy
    #   theseus-insight
    #   transformers
traitlets==5.15.1 ; sys_platform == 'darwin' or sys_platform == 'linux'
    # via
    #   ipython
    #   ipywidgets
    #   matplotlib-inline
transformers==5.8.1 ; sys_platform == 'darwin' or sys_platform == 'linux'
    # via
    #   docling-core
    #   docling-ibm-models
    #   llmfactory
    #   sentence-transformers
    #   theseus-insight
tree-sitter==0.26.0 ; sys_platform == 'darwin' or sys_platform == 'linux'
    # via docling-core
tree-sitter-c==0.24.2 ; sys_platform == 'darwin' or sys_platform == 'linux'
    # via docling-core
tree-sitter-javascript==0.25.0 ; sys_platform == 'darwin' or sys_platform == 'linux'
    # via docling-core
tree-sitter-python==0.25.0 ; sys_platform == 'darwin' or sys_platform == 'linux'
    # via docling-core
tree-sitter-typescript==0.23.2 ; sys_platform == 'darwin' or sys_platform == 'linux'
    # via docling-core
typer==0.21.2 ; sys_platform == 'darwin' or sys_platform == 'linux'
    # via
    #   docling-core
    #   docling-slim
    #   spacy
    #   transformers
    #   weasel
typing-extensions==4.16.0 ; sys_platform == 'darwin' or sys_platform == 'linux'
    # via
    #   anthropic
    #   anyio
    #   beautifulsoup4
    #   docling-core
    #   fastapi
    #   google-generativeai
    #   grpcio
    #   huggingface-hub
    #   ipython
    #   langchain-core
    #   langchain-protocol
    #   langsmith
    #   llama-cpp-python
    #   openai
    #   polyfactory
    #   psycopg
    #   psycopg-pool
    #   pydantic
    #   pydantic-core
    #   python-docx
    #   python-pptx
    #   referencing
    #   sentence-transformers
    #   soundfile
    #   starlette
    #   torch
    #   typing-inspection
typing-inspection==0.4.2 ; sys_platform == 'darwin' or sys_platform == 'linux'
    # via
    #   fastapi
    #   pydantic
    #   pydantic-settings
tzdata==2026.3 ; sys_platform == 'darwin' or sys_platform == 'linux'
    # via pandas
tzlocal==5.4.4 ; sys_platform == 'darwin' or sys_platform == 'linux'
    # via apscheduler
unidecode==1.4.0 ; sys_platform == 'darwin' or sys_platform == 'linux'
    # via theseus-insight
uritemplate==4.2.0 ; sys_platform == 'darwin' or sys_platform == 'linux'
    # via google-api-python-client
urllib3==2.7.0 ; sys_platform == 'darwin' or sys_platform == 'linux'
    # via
    #   botocore
    #   requests
uuid-utils==0.17.0 ; sys_platform == 'darwin' or sys_platform == 'linux'
    # via
    #   langchain-core
    #   langsmith
uvicorn==0.51.0 ; sys_platform == 'darwin' or sys_platform == 'linux'
    # via theseus-insight
uvloop==0.22.1 ; (platform_python_implementation != 'PyPy' and sys_platform == 'darwin') or (platform_python_implementation != 'PyPy' and sys_platform == 'linux')
    # via uvicorn
wasabi==1.1.3 ; sys_platform == 'darwin' or sys_platform == 'linux'
    # via
    #   spacy
    #   thinc
    #   weasel
watchfiles==1.2.0 ; sys_platform == 'darwin' or sys_platform == 'linux'
    # via uvicorn
wcwidth==0.8.2 ; sys_platform == 'darwin' or sys_platform == 'linux'
    # via prompt-toolkit
weasel==1.0.0 ; sys_platform == 'darwin' or sys_platform == 'linux'
    # via spacy
websockets==15.0.1 ; sys_platform == 'darwin' or sys_platform == 'linux'
    # via
    #   docling-slim
    #   langgraph-sdk
    #   langsmith
    #   theseus-insight
    #   uvicorn
widgetsnbextension==4.0.15 ; sys_platform == 'darwin' or sys_platform == 'linux'
    # via ipywidgets
wrapt==2.2.2 ; sys_platform == 'darwin' or sys_platform == 'linux'
    # via smart-open
xlsxwriter==3.2.9 ; sys_platform == 'darwin' or sys_platform == 'linux'
    # via python-pptx
xxhash==3.8.1 ; sys_platform == 'darwin' or sys_platform == 'linux'
    # via
    #   langgraph
    #   langsmith
yake==0.7.3 ; sys_platform == 'darwin' or sys_platform == 'linux'
    # via theseus-insight
zstandard==0.25.0 ; sys_platform == 'darwin' or sys_platform == 'linux'
    # via langsmith
